
Microsoft Visual Studio Solution File, Format Version 12.00
# Visual Studio 15
VisualStudioVersion = 15.0.27703.2042
MinimumVisualStudioVersion = 10.0.40219.1
Project("{9A19103F-16F7-4668-BE54-9A1E7A4F7556}") = "Tsubaki.Addons", "src\Tsubaki.Addons\Tsubaki.Addons.csproj", "{05500049-957E-4ED4-BA5A-D97A029767F1}"
EndProject
Project("{9A19103F-16F7-4668-BE54-9A1E7A4F7556}") = "Tsubaki.Addons.Hosting", "src\Tsubaki.Addons.Hosting\Tsubaki.Addons.Hosting.csproj", "{9FD09941-CB4C-45E2-AE8A-4EDF1D6436A8}"
EndProject
Project("{FAE04EC0-301F-11D3-BF4B-00C04F79EFBC}") = "Tsubaki.Test.Console", "test\Tsubaki.Test.Console\Tsubaki.Test.Console.csproj", "{4694E43A-2A9C-4F13-BA5B-6DACA83C5FDD}"
EndProject
Project("{9A19103F-16F7-4668-BE54-9A1E7A4F7556}") = "Tsubaki.Test.MockAddon", "test\Tsubaki.Test.MockAddon\Tsubaki.Test.MockAddon.csproj", "{7D1FDB97-1C0C-456B-B8FA-82289725DC31}"
EndProject
Project("{9A19103F-16F7-4668-BE54-9A1E7A4F7556}") = "Tsubaki.Configuration", "src\Tsubaki.Configuration\Tsubaki.Configuration.csproj", "{2709AD36-CF58-4B0E-BB14-0B7850B3B222}"
EndProject
Project("{9A19103F-16F7-4668-BE54-9A1E7A4F7556}") = "Tsubaki.Core", "src\Tsubaki.Core\Tsubaki.Core.csproj", "{4D757A4C-C21D-432B-BB88-718CE814BE4E}"
EndProject
Project("{2150E333-8FDC-42A3-9474-1A3956D46DE8}") = "Solution Items", "Solution Items", "{DC383D74-140C-4FD0-80DA-2C4D36563F49}"
	ProjectSection(SolutionItems) = preProject
		.gitignore = .gitignore
	EndProjectSection
EndProject
Project("{FAE04EC0-301F-11D3-BF4B-00C04F79EFBC}") = "Tsubaki.Utilities", "src\Tsubaki.Utilities\Tsubaki.Utilities.csproj", "{2B59CD7E-69CA-408A-8B6D-31F83CBB5307}"
EndProject
Global
	GlobalSection(SolutionConfigurationPlatforms) = preSolution
		Debug|Any CPU = Debug|Any CPU
		Release|Any CPU = Release|Any CPU
	EndGlobalSection
	GlobalSection(ProjectConfigurationPlatforms) = postSolution
		{05500049-957E-4ED4-BA5A-D97A029767F1}.Debug|Any CPU.ActiveCfg = Debug|Any CPU
		{05500049-957E-4ED4-BA5A-D97A029767F1}.Debug|Any CPU.Build.0 = Debug|Any CPU
		{05500049-957E-4ED4-BA5A-D97A029767F1}.Release|Any CPU.ActiveCfg = Release|Any CPU
		{05500049-957E-4ED4-BA5A-D97A029767F1}.Release|Any CPU.Build.0 = Release|Any CPU
		{9FD09941-CB4C-45E2-AE8A-4EDF1D6436A8}.Debug|Any CPU.ActiveCfg = Debug|Any CPU
		{9FD09941-CB4C-45E2-AE8A-4EDF1D6436A8}.Debug|Any CPU.Build.0 = Debug|Any CPU
		{9FD09941-CB4C-45E2-AE8A-4EDF1D6436A8}.Release|Any CPU.ActiveCfg = Release|Any CPU
		{9FD09941-CB4C-45E2-AE8A-4EDF1D6436A8}.Release|Any CPU.Build.0 = Release|Any CPU
		{4694E43A-2A9C-4F13-BA5B-6DACA83C5FDD}.Debug|Any CPU.ActiveCfg = Debug|Any CPU
		{4694E43A-2A9C-4F13-BA5B-6DACA83C5FDD}.Debug|Any CPU.Build.0 = Debug|Any CPU
		{4694E43A-2A9C-4F13-BA5B-6DACA83C5FDD}.Release|Any CPU.ActiveCfg = Release|Any CPU
		{4694E43A-2A9C-4F13-BA5B-6DACA83C5FDD}.Release|Any CPU.Build.0 = Release|Any CPU
		{7D1FDB97-1C0C-456B-B8FA-82289725DC31}.Debug|Any CPU.ActiveCfg = Debug|Any CPU
		{7D1FDB97-1C0C-456B-B8FA-82289725DC31}.Debug|Any CPU.Build.0 = Debug|Any CPU
		{7D1FDB97-1C0C-456B-B8FA-82289725DC31}.Release|Any CPU.ActiveCfg = Release|Any CPU
		{7D1FDB97-1C0C-456B-B8FA-82289725DC31}.Release|Any CPU.Build.0 = Release|Any CPU
		{2709AD36-CF58-4B0E-BB14-0B7850B3B222}.Debug|Any CPU.ActiveCfg = Debug|Any CPU
		{2709AD36-CF58-4B0E-BB14-0B7850B3B222}.Debug|Any CPU.Build.0 = Debug|Any CPU
		{2709AD36-CF58-4B0E-BB14-0B7850B3B222}.Release|Any CPU.ActiveCfg = Release|Any CPU
		{2709AD36-CF58-4B0E-BB14-0B7850B3B222}.Release|Any CPU.Build.0 = Release|Any CPU
		{4D757A4C-C21D-432B-BB88-718CE814BE4E}.Debug|Any CPU.ActiveCfg = Debug|Any CPU
		{4D757A4C-C21D-432B-BB88-718CE814BE4E}.Debug|Any CPU.Build.0 = Debug|Any CPU
		{4D757A4C-C21D-432B-BB88-718CE814BE4E}.Release|Any CPU.ActiveCfg = Release|Any CPU
		{4D757A4C-C21D-432B-BB88-718CE814BE4E}.Release|Any CPU.Build.0 = Release|Any CPU
		{2B59CD7E-69CA-408A-8B6D-31F83CBB5307}.Debug|Any CPU.ActiveCfg = Debug|Any CPU
		{2B59CD7E-69CA-408A-8B6D-31F83CBB5307}.Debug|Any CPU.Build.0 = Debug|Any CPU
		{2B59CD7E-69CA-408A-8B6D-31F83CBB5307}.Release|Any CPU.ActiveCfg = Release|Any CPU
		{2B59CD7E-69CA-408A-8B6D-31F83CBB5307}.Release|Any CPU.Build.0 = Release|Any CPU
	EndGlobalSection
	GlobalSection(SolutionProperties) = preSolution
		HideSolutionNode = FALSE
	EndGlobalSection
	GlobalSection(ExtensibilityGlobals) = postSolution
		SolutionGuid = {7B4CCCB7-33FE-408D-8344-5C4D63842A6A}
	EndGlobalSection
EndGlobal
